
Microsoft Visual Studio Solution File, Format Version 12.00
# Visual Studio Version 17
VisualStudioVersion = 17.4.33122.133
MinimumVisualStudioVersion = 10.0.40219.1
Project("{FAE04EC0-301F-11D3-BF4B-00C04F79EFBC}") = "QuickSort", "QuickSort\QuickSort.csproj", "{7C1A1C02-E507-4328-9CC2-93DF981B551C}"
EndProject
Global
	GlobalSection(SolutionConfigurationPlatforms) = preSolution
		Debug|Any CPU = Debug|Any CPU
		Release|Any CPU = Release|Any CPU
	EndGlobalSection
	GlobalSection(ProjectConfigurationPlatforms) = postSolution
		{7C1A1C02-E507-4328-9CC2-93DF981B551C}.Debug|Any CPU.ActiveCfg = Debug|Any CPU
		{7C1A1C02-E507-4328-9CC2-93DF981B551C}.Debug|Any CPU.Build.0 = Debug|Any CPU
		{7C1A1C02-E507-4328-9CC2-93DF981B551C}.Release|Any CPU.ActiveCfg = Release|Any CPU
		{7C1A1C02-E507-4328-9CC2-93DF981B551C}.Release|Any CPU.Build.0 = Release|Any CPU
	EndGlobalSection
	GlobalSection(SolutionProperties) = preSolution
		HideSolutionNode = FALSE
	EndGlobalSection
	GlobalSection(ExtensibilityGlobals) = postSolution
		SolutionGuid = {69F56072-B16F-469F-860F-F099AB14EEB7}
	EndGlobalSection
EndGlobal
